{
	"name": "passwordstrength",
	"lockfileVersion": 3,
	"requires": true,
	"packages": {
		"": {
			"license": "GPL-2.0",
			"dependencies": {
				"@zxcvbn-ts/core": "^4.1.2",
				"@zxcvbn-ts/language-ar": "^4.1.1",
				"@zxcvbn-ts/language-common": "^4.1.2",
				"@zxcvbn-ts/language-cs": "^4.1.1",
				"@zxcvbn-ts/language-da-dk": "^4.1.1",
				"@zxcvbn-ts/language-de": "^4.1.1",
				"@zxcvbn-ts/language-en": "^4.1.1",
				"@zxcvbn-ts/language-es-es": "^4.1.1",
				"@zxcvbn-ts/language-fa": "^4.1.1",
				"@zxcvbn-ts/language-fi": "^4.1.1",
				"@zxcvbn-ts/language-fr": "^4.1.1",
				"@zxcvbn-ts/language-hr": "^4.1.1",
				"@zxcvbn-ts/language-id": "^4.1.1",
				"@zxcvbn-ts/language-it": "^4.1.1",
				"@zxcvbn-ts/language-ja": "^4.1.1",
				"@zxcvbn-ts/language-ku": "^4.1.1",
				"@zxcvbn-ts/language-nl-be": "^4.1.1",
				"@zxcvbn-ts/language-pl": "^4.1.1",
				"@zxcvbn-ts/language-pt-br": "^4.1.1",
				"@zxcvbn-ts/language-ro": "^4.1.1",
				"@zxcvbn-ts/language-th": "^4.1.1",
				"@zxcvbn-ts/language-tr": "^4.1.1",
				"@zxcvbn-ts/language-zh": "^4.1.1"
			},
			"devDependencies": {
				"copyfiles": "^2.4.1"
			}
		},
		"node_modules/@zxcvbn-ts/core": {
			"version": "4.1.2",
			"resolved": "https://registry.npmjs.org/@zxcvbn-ts/core/-/core-4.1.2.tgz",
			"integrity": "sha512-RQmxWB3AMI+HGQErQdUv6Aq32aQhp6xOxrfgCP0+T9MsLZoP3xtLHuT8O8VojsUxdmQVZfJlYkYb1A0wOwIS+Q==",
			"dependencies": {
				"fastest-levenshtein": "1.0.16"
			}
		},
		"node_modules/@zxcvbn-ts/dictionary-compression": {
			"version": "3.0.1",
			"resolved": "https://registry.npmjs.org/@zxcvbn-ts/dictionary-compression/-/dictionary-compression-3.0.1.tgz",
			"integrity": "sha512-p3KyPzxGc3vWSap5hHA6SllbUCmh7s+NtpGyC3qEWrxYJT9t9TUAzjPm48Okipo+UUyPQfDlIvTcs9JRShBFiQ=="
		},
		"node_modules/@zxcvbn-ts/language-ar": {
			"version": "4.1.1",
			"resolved": "https://registry.npmjs.org/@zxcvbn-ts/language-ar/-/language-ar-4.1.1.tgz",
			"integrity": "sha512-6EsbNcxrMflIw/+KAtSPdfPvr79Ox36fHJP65hh+b8Yo4lvKm3epGV16II2JGlKMrutvI4dhxec1py8u9rD1uA==",
			"license": "MIT",
			"dependencies": {
				"@zxcvbn-ts/dictionary-compression": "^3.0.1"
			}
		},
		"node_modules/@zxcvbn-ts/language-common": {
			"version": "4.1.2",
			"resolved": "https://registry.npmjs.org/@zxcvbn-ts/language-common/-/language-common-4.1.2.tgz",
			"integrity": "sha512-uJlBzhC9/KjPImqdnc1/lPxmdn4xKbkruN5p1mASWkXA0gli+GZ5LrVL+dqscA8Pcf4OfudE56TtCWeHljJOvA==",
			"dependencies": {
				"@zxcvbn-ts/dictionary-compression": "^3.0.1"
			}
		},
		"node_modules/@zxcvbn-ts/language-cs": {
			"version": "4.1.1",
			"resolved": "https://registry.npmjs.org/@zxcvbn-ts/language-cs/-/language-cs-4.1.1.tgz",
			"integrity": "sha512-ssDtpy6gy6g/z0CPmxP9BTqx4hKykVQzoYsg0oqwEbRj3sddZcAjIxX6dcpP6b1n/Lw0AmjccNaZ/OdHmmYRUA==",
			"license": "MIT",
			"dependencies": {
				"@zxcvbn-ts/dictionary-compression": "^3.0.1"
			}
		},
		"node_modules/@zxcvbn-ts/language-da-dk": {
			"version": "4.1.1",
			"resolved": "https://registry.npmjs.org/@zxcvbn-ts/language-da-dk/-/language-da-dk-4.1.1.tgz",
			"integrity": "sha512-Z5PX9Tb0GfsxpO+ZKdewQtmtiKsNG7j2VNFqlcsC+Fg9pNjUbkhl5R4V1tvdKP/DEEGwEqhySQcFyyGmCZcxLg==",
			"license": "MIT",
			"dependencies": {
				"@zxcvbn-ts/dictionary-compression": "^3.0.1"
			}
		},
		"node_modules/@zxcvbn-ts/language-de": {
			"version": "4.1.1",
			"resolved": "https://registry.npmjs.org/@zxcvbn-ts/language-de/-/language-de-4.1.1.tgz",
			"integrity": "sha512-ig4zeCxg4yp5VU4/Iuq5CCHLJtbmHjczK87HKw/K2jYkpk1s7C4jRi+n3XgcPNRP71nvTxGhpPWWlsziCnm5xA==",
			"dependencies": {
				"@zxcvbn-ts/dictionary-compression": "^3.0.1"
			}
		},
		"node_modules/@zxcvbn-ts/language-en": {
			"version": "4.1.1",
			"resolved": "https://registry.npmjs.org/@zxcvbn-ts/language-en/-/language-en-4.1.1.tgz",
			"integrity": "sha512-6UdzuBd3Uex8TKubohcn+uXRVAH34Zjs2eCfT4hQVo9zeTy7AkQRQfdV4OnHR5hQfW/XBrK/AGTZk7VBWh7wwQ==",
			"dependencies": {
				"@zxcvbn-ts/dictionary-compression": "^3.0.1"
			}
		},
		"node_modules/@zxcvbn-ts/language-es-es": {
			"version": "4.1.1",
			"resolved": "https://registry.npmjs.org/@zxcvbn-ts/language-es-es/-/language-es-es-4.1.1.tgz",
			"integrity": "sha512-X7hptBCerni+441XS8KRF9FtCIZMRNhuAXmm5I34fgvpxRoWJVEfEcUkfJDWAtByiV/hWVI644H3rVLYteJk5g==",
			"dependencies": {
				"@zxcvbn-ts/dictionary-compression": "^3.0.1"
			}
		},
		"node_modules/@zxcvbn-ts/language-fa": {
			"version": "4.1.1",
			"resolved": "https://registry.npmjs.org/@zxcvbn-ts/language-fa/-/language-fa-4.1.1.tgz",
			"integrity": "sha512-1gdT+kWsmhoVD96/NnbEi++Ohf8AASqiDhMtmdYpLTPrKVBzRRUB87f4QmwxiIbVc/Tuis+VUqaslF4RbHS40Q==",
			"license": "MIT",
			"dependencies": {
				"@zxcvbn-ts/dictionary-compression": "^3.0.1"
			}
		},
		"node_modules/@zxcvbn-ts/language-fi": {
			"version": "4.1.1",
			"resolved": "https://registry.npmjs.org/@zxcvbn-ts/language-fi/-/language-fi-4.1.1.tgz",
			"integrity": "sha512-NuCZPV2e5wRnZtL1q/h7Xur3+nR6Mf/uvA4z+pJ/wMvosCuxwLAWcaz0gZIBModTPhsufowrBMRL068eYoOTWQ==",
			"dependencies": {
				"@zxcvbn-ts/dictionary-compression": "^3.0.1"
			}
		},
		"node_modules/@zxcvbn-ts/language-fr": {
			"version": "4.1.1",
			"resolved": "https://registry.npmjs.org/@zxcvbn-ts/language-fr/-/language-fr-4.1.1.tgz",
			"integrity": "sha512-5LW8KMiXLWKG6fTv/BdQbe76sa2EjYmvd59sM3Re+hZMGYEPOdjnAT5qFChQ2Zj8WIaU3P197Y6A0X8OgfoiqQ==",
			"dependencies": {
				"@zxcvbn-ts/dictionary-compression": "^3.0.1"
			}
		},
		"node_modules/@zxcvbn-ts/language-hr": {
			"version": "4.1.1",
			"resolved": "https://registry.npmjs.org/@zxcvbn-ts/language-hr/-/language-hr-4.1.1.tgz",
			"integrity": "sha512-LpED7I+4IXhpKh/wXFwwFWpdHsRQcy4mPl3RepW5t44Mz61bp9p7Gd/IGUpcxrDskVbM4K2fuCHcxMSvwwhSNA==",
			"license": "MIT",
			"dependencies": {
				"@zxcvbn-ts/dictionary-compression": "^3.0.1"
			}
		},
		"node_modules/@zxcvbn-ts/language-id": {
			"version": "4.1.1",
			"resolved": "https://registry.npmjs.org/@zxcvbn-ts/language-id/-/language-id-4.1.1.tgz",
			"integrity": "sha512-c2u8+tgR6GV4HpovPs3jv7nS2+U3+lfoFACHdQ0LzrzBKjCln8TbQv6Mw3Xb58UEyMofDpOBpQlo/67iXN+0IA==",
			"dependencies": {
				"@zxcvbn-ts/dictionary-compression": "^3.0.1"
			}
		},
		"node_modules/@zxcvbn-ts/language-it": {
			"version": "4.1.1",
			"resolved": "https://registry.npmjs.org/@zxcvbn-ts/language-it/-/language-it-4.1.1.tgz",
			"integrity": "sha512-YxKCBO1rKuCMPYRyOxfUZA+3ju8OO8W9Qx8h/vHrHvuGIavK7L+fgXTUrhjHU8M+zE0pQZxS4wOdfgLFZaP57w==",
			"dependencies": {
				"@zxcvbn-ts/dictionary-compression": "^3.0.1"
			}
		},
		"node_modules/@zxcvbn-ts/language-ja": {
			"version": "4.1.1",
			"resolved": "https://registry.npmjs.org/@zxcvbn-ts/language-ja/-/language-ja-4.1.1.tgz",
			"integrity": "sha512-ZDFUZfm7hlmuiHOMLq7p85wE3Pa7s1WXixU6X+POTuRTjGwXi4LMtiS9wli7zXTEvxSUMdVWBx5ZgyIF6D0S8A==",
			"dependencies": {
				"@zxcvbn-ts/dictionary-compression": "^3.0.1"
			}
		},
		"node_modules/@zxcvbn-ts/language-ku": {
			"version": "4.1.1",
			"resolved": "https://registry.npmjs.org/@zxcvbn-ts/language-ku/-/language-ku-4.1.1.tgz",
			"integrity": "sha512-sA7B/qUHawG+feKlj+lV6qgNBmnvI8CXUjJJBmYq7E/yoAy8FIJo9XWLiRMEjN35I5GHdquW0WS+EJcoLr9vyw==",
			"license": "MIT",
			"dependencies": {
				"@zxcvbn-ts/dictionary-compression": "^3.0.1"
			}
		},
		"node_modules/@zxcvbn-ts/language-nl-be": {
			"version": "4.1.1",
			"resolved": "https://registry.npmjs.org/@zxcvbn-ts/language-nl-be/-/language-nl-be-4.1.1.tgz",
			"integrity": "sha512-yA4kOtZfHYR9DufqRn9KypKVFZpfwdS/EsFfvQrgJsP6hOq8tC/wCYmUglwE5PWn7O7N+Z2lmG8NxZXyNY4wpg==",
			"dependencies": {
				"@zxcvbn-ts/dictionary-compression": "^3.0.1"
			}
		},
		"node_modules/@zxcvbn-ts/language-pl": {
			"version": "4.1.1",
			"resolved": "https://registry.npmjs.org/@zxcvbn-ts/language-pl/-/language-pl-4.1.1.tgz",
			"integrity": "sha512-hF6Qu9cyHx7sSEzNOQrJQntq8geoincsGvlOC0wkD43LnUVSTR49MKxdsifsemlQgtxR7aUKDgK/e/RFHOljoQ==",
			"dependencies": {
				"@zxcvbn-ts/dictionary-compression": "^3.0.1"
			}
		},
		"node_modules/@zxcvbn-ts/language-pt-br": {
			"version": "4.1.1",
			"resolved": "https://registry.npmjs.org/@zxcvbn-ts/language-pt-br/-/language-pt-br-4.1.1.tgz",
			"integrity": "sha512-v5F/rtlbh+81MgonI3xRcwn4QVz60YBImrdBoUlYkofvuVNlF/YoLTJNfQcNGqnO9DYdiivDx8NGyYGfebPHOw==",
			"dependencies": {
				"@zxcvbn-ts/dictionary-compression": "^3.0.1"
			}
		},
		"node_modules/@zxcvbn-ts/language-ro": {
			"version": "4.1.1",
			"resolved": "https://registry.npmjs.org/@zxcvbn-ts/language-ro/-/language-ro-4.1.1.tgz",
			"integrity": "sha512-QhgwLeJxbYqNSYLbtwwtYXkGo6qDRTd5iqFKJjE23jpX4g2iSG5TXMsTjhBAqvTZTAiFtYAQFKeyFEzBL2HsDw==",
			"license": "MIT",
			"dependencies": {
				"@zxcvbn-ts/dictionary-compression": "^3.0.1"
			}
		},
		"node_modules/@zxcvbn-ts/language-th": {
			"version": "4.1.1",
			"resolved": "https://registry.npmjs.org/@zxcvbn-ts/language-th/-/language-th-4.1.1.tgz",
			"integrity": "sha512-efmrv/5yiEP0wQNmwT77wk3EudjCJ54PwdZqLwG43BoFqncS5Aoo+5H8MEjYsa8ECGB7EdQcuNZho9MvHAoOxg==",
			"license": "MIT",
			"dependencies": {
				"@zxcvbn-ts/dictionary-compression": "^3.0.1"
			}
		},
		"node_modules/@zxcvbn-ts/language-tr": {
			"version": "4.1.1",
			"resolved": "https://registry.npmjs.org/@zxcvbn-ts/language-tr/-/language-tr-4.1.1.tgz",
			"integrity": "sha512-jFXLNfkZP7liZ4a080QMFLaRJsR+yhPp0ax7yJF9cUGU90EUDz/6lTw+yjTSH6rsIeuy5JmdxC9PZv64fi0aKg==",
			"license": "MIT",
			"dependencies": {
				"@zxcvbn-ts/dictionary-compression": "^3.0.1"
			}
		},
		"node_modules/@zxcvbn-ts/language-zh": {
			"version": "4.1.1",
			"resolved": "https://registry.npmjs.org/@zxcvbn-ts/language-zh/-/language-zh-4.1.1.tgz",
			"integrity": "sha512-Us1N/AVx8rQslPwNFBHtVcayKCCErfQqf3GMeT3wpeIJqiKhZe8N99B77q8j1aQOIiSPlXtuvCqYHNf3L1iN7g==",
			"license": "MIT",
			"dependencies": {
				"@zxcvbn-ts/dictionary-compression": "^3.0.1"
			}
		},
		"node_modules/ansi-regex": {
			"version": "5.0.1",
			"resolved": "https://registry.npmjs.org/ansi-regex/-/ansi-regex-5.0.1.tgz",
			"integrity": "sha512-quJQXlTSUGL2LH9SUXo8VwsY4soanhgo6LNSm84E1LBcE8s3O0wpdiRzyR9z/ZZJMlMWv37qOOb9pdJlMUEKFQ==",
			"dev": true,
			"engines": {
				"node": ">=8"
			}
		},
		"node_modules/ansi-styles": {
			"version": "4.3.0",
			"resolved": "https://registry.npmjs.org/ansi-styles/-/ansi-styles-4.3.0.tgz",
			"integrity": "sha512-zbB9rCJAT1rbjiVDb2hqKFHNYLxgtk8NURxZ3IZwD3F6NtxbXZQCnnSi1Lkx+IDohdPlFp222wVALIheZJQSEg==",
			"dev": true,
			"dependencies": {
				"color-convert": "^2.0.1"
			},
			"engines": {
				"node": ">=8"
			},
			"funding": {
				"url": "https://github.com/chalk/ansi-styles?sponsor=1"
			}
		},
		"node_modules/balanced-match": {
			"version": "1.0.2",
			"resolved": "https://registry.npmjs.org/balanced-match/-/balanced-match-1.0.2.tgz",
			"integrity": "sha512-3oSeUO0TMV67hN1AmbXsK4yaqU7tjiHlbxRDZOpH0KW9+CeX4bRAaX0Anxt0tx2MrpRpWwQaPwIlISEJhYU5Pw==",
			"dev": true
		},
		"node_modules/brace-expansion": {
			"version": "1.1.15",
			"resolved": "https://registry.npmjs.org/brace-expansion/-/brace-expansion-1.1.15.tgz",
			"integrity": "sha512-EwOCDEex4quD37XhqM3omwtMoJjr//isUZz1JopUNWms+4Z2ViyM/k1YIRePpoVNnQhENnxtFjLaxNHrT7xIUg==",
			"dev": true,
			"license": "MIT",
			"dependencies": {
				"balanced-match": "^1.0.0",
				"concat-map": "0.0.1"
			}
		},
		"node_modules/cliui": {
			"version": "7.0.4",
			"resolved": "https://registry.npmjs.org/cliui/-/cliui-7.0.4.tgz",
			"integrity": "sha512-OcRE68cOsVMXp1Yvonl/fzkQOyjLSu/8bhPDfQt0e0/Eb283TKP20Fs2MqoPsr9SwA595rRCA+QMzYc9nBP+JQ==",
			"dev": true,
			"dependencies": {
				"string-width": "^4.2.0",
				"strip-ansi": "^6.0.0",
				"wrap-ansi": "^7.0.0"
			}
		},
		"node_modules/color-convert": {
			"version": "2.0.1",
			"resolved": "https://registry.npmjs.org/color-convert/-/color-convert-2.0.1.tgz",
			"integrity": "sha512-RRECPsj7iu/xb5oKYcsFHSppFNnsj/52OVTRKb4zP5onXwVF3zVmmToNcOfGC+CRDpfK/U584fMg38ZHCaElKQ==",
			"dev": true,
			"dependencies": {
				"color-name": "~1.1.4"
			},
			"engines": {
				"node": ">=7.0.0"
			}
		},
		"node_modules/color-name": {
			"version": "1.1.4",
			"resolved": "https://registry.npmjs.org/color-name/-/color-name-1.1.4.tgz",
			"integrity": "sha512-dOy+3AuW3a2wNbZHIuMZpTcgjGuLU/uBL/ubcZF9OXbDo8ff4O8yVp5Bf0efS8uEoYo5q4Fx7dY9OgQGXgAsQA==",
			"dev": true
		},
		"node_modules/concat-map": {
			"version": "0.0.1",
			"resolved": "https://registry.npmjs.org/concat-map/-/concat-map-0.0.1.tgz",
			"integrity": "sha512-/Srv4dswyQNBfohGpz9o6Yb3Gz3SrUDqBH5rTuhGR7ahtlbYKnVxw2bCFMRljaA7EXHaXZ8wsHdodFvbkhKmqg==",
			"dev": true
		},
		"node_modules/copyfiles": {
			"version": "2.4.1",
			"resolved": "https://registry.npmjs.org/copyfiles/-/copyfiles-2.4.1.tgz",
			"integrity": "sha512-fereAvAvxDrQDOXybk3Qu3dPbOoKoysFMWtkY3mv5BsL8//OSZVL5DCLYqgRfY5cWirgRzlC+WSrxp6Bo3eNZg==",
			"dev": true,
			"dependencies": {
				"glob": "^7.0.5",
				"minimatch": "^3.0.3",
				"mkdirp": "^1.0.4",
				"noms": "0.0.0",
				"through2": "^2.0.1",
				"untildify": "^4.0.0",
				"yargs": "^16.1.0"
			},
			"bin": {
				"copyfiles": "copyfiles",
				"copyup": "copyfiles"
			}
		},
		"node_modules/core-util-is": {
			"version": "1.0.3",
			"resolved": "https://registry.npmjs.org/core-util-is/-/core-util-is-1.0.3.tgz",
			"integrity": "sha512-ZQBvi1DcpJ4GDqanjucZ2Hj3wEO5pZDS89BWbkcrvdxksJorwUDDZamX9ldFkp9aw2lmBDLgkObEA4DWNJ9FYQ==",
			"dev": true
		},
		"node_modules/emoji-regex": {
			"version": "8.0.0",
			"resolved": "https://registry.npmjs.org/emoji-regex/-/emoji-regex-8.0.0.tgz",
			"integrity": "sha512-MSjYzcWNOA0ewAHpz0MxpYFvwg6yjy1NG3xteoqz644VCo/RPgnr1/GGt+ic3iJTzQ8Eu3TdM14SawnVUmGE6A==",
			"dev": true
		},
		"node_modules/escalade": {
			"version": "3.2.0",
			"resolved": "https://registry.npmjs.org/escalade/-/escalade-3.2.0.tgz",
			"integrity": "sha512-WUj2qlxaQtO4g6Pq5c29GTcWGDyd8itL8zTlipgECz3JesAiiOKotd8JU6otB3PACgG6xkJUyVhboMS+bje/jA==",
			"dev": true,
			"engines": {
				"node": ">=6"
			}
		},
		"node_modules/fastest-levenshtein": {
			"version": "1.0.16",
			"resolved": "https://registry.npmjs.org/fastest-levenshtein/-/fastest-levenshtein-1.0.16.tgz",
			"integrity": "sha512-eRnCtTTtGZFpQCwhJiUOuxPQWRXVKYDn0b2PeHfXL6/Zi53SLAzAHfVhVWK2AryC/WH05kGfxhFIPvTF0SXQzg==",
			"engines": {
				"node": ">= 4.9.1"
			}
		},
		"node_modules/fs.realpath": {
			"version": "1.0.0",
			"resolved": "https://registry.npmjs.org/fs.realpath/-/fs.realpath-1.0.0.tgz",
			"integrity": "sha512-OO0pH2lK6a0hZnAdau5ItzHPI6pUlvI7jMVnxUQRtw4owF2wk8lOSabtGDCTP4Ggrg2MbGnWO9X8K1t4+fGMDw==",
			"dev": true
		},
		"node_modules/get-caller-file": {
			"version": "2.0.5",
			"resolved": "https://registry.npmjs.org/get-caller-file/-/get-caller-file-2.0.5.tgz",
			"integrity": "sha512-DyFP3BM/3YHTQOCUL/w0OZHR0lpKeGrxotcHWcqNEdnltqFwXVfhEBQ94eIo34AfQpo0rGki4cyIiftY06h2Fg==",
			"dev": true,
			"engines": {
				"node": "6.* || 8.* || >= 10.*"
			}
		},
		"node_modules/glob": {
			"version": "7.2.3",
			"resolved": "https://registry.npmjs.org/glob/-/glob-7.2.3.tgz",
			"integrity": "sha512-nFR0zLpU2YCaRxwoCJvL6UvCH2JFyFVIvwTLsIf21AuHlMskA1hhTdk+LlYJtOlYt9v6dvszD2BGRqBL+iQK9Q==",
			"deprecated": "Glob versions prior to v9 are no longer supported",
			"dev": true,
			"dependencies": {
				"fs.realpath": "^1.0.0",
				"inflight": "^1.0.4",
				"inherits": "2",
				"minimatch": "^3.1.1",
				"once": "^1.3.0",
				"path-is-absolute": "^1.0.0"
			},
			"engines": {
				"node": "*"
			},
			"funding": {
				"url": "https://github.com/sponsors/isaacs"
			}
		},
		"node_modules/inflight": {
			"version": "1.0.6",
			"resolved": "https://registry.npmjs.org/inflight/-/inflight-1.0.6.tgz",
			"integrity": "sha512-k92I/b08q4wvFscXCLvqfsHCrjrF7yiXsQuIVvVE7N82W3+aqpzuUdBbfhWcy/FZR3/4IgflMgKLOsvPDrGCJA==",
			"deprecated": "This module is not supported, and leaks memory. Do not use it. Check out lru-cache if you want a good and tested way to coalesce async requests by a key value, which is much more comprehensive and powerful.",
			"dev": true,
			"dependencies": {
				"once": "^1.3.0",
				"wrappy": "1"
			}
		},
		"node_modules/inherits": {
			"version": "2.0.4",
			"resolved": "https://registry.npmjs.org/inherits/-/inherits-2.0.4.tgz",
			"integrity": "sha512-k/vGaX4/Yla3WzyMCvTQOXYeIHvqOKtnqBduzTHpzpQZzAskKMhZ2K+EnBiSM9zGSoIFeMpXKxa4dYeZIQqewQ==",
			"dev": true
		},
		"node_modules/is-fullwidth-code-point": {
			"version": "3.0.0",
			"resolved": "https://registry.npmjs.org/is-fullwidth-code-point/-/is-fullwidth-code-point-3.0.0.tgz",
			"integrity": "sha512-zymm5+u+sCsSWyD9qNaejV3DFvhCKclKdizYaJUuHA83RLjb7nSuGnddCHGv0hk+KY7BMAlsWeK4Ueg6EV6XQg==",
			"dev": true,
			"engines": {
				"node": ">=8"
			}
		},
		"node_modules/isarray": {
			"version": "0.0.1",
			"resolved": "https://registry.npmjs.org/isarray/-/isarray-0.0.1.tgz",
			"integrity": "sha512-D2S+3GLxWH+uhrNEcoh/fnmYeP8E8/zHl644d/jdA0g2uyXvy3sb0qxotE+ne0LtccHknQzWwZEzhak7oJ0COQ==",
			"dev": true
		},
		"node_modules/minimatch": {
			"version": "3.1.5",
			"resolved": "https://registry.npmjs.org/minimatch/-/minimatch-3.1.5.tgz",
			"integrity": "sha512-VgjWUsnnT6n+NUk6eZq77zeFdpW2LWDzP6zFGrCbHXiYNul5Dzqk2HHQ5uFH2DNW5Xbp8+jVzaeNt94ssEEl4w==",
			"dev": true,
			"license": "ISC",
			"dependencies": {
				"brace-expansion": "^1.1.7"
			},
			"engines": {
				"node": "*"
			}
		},
		"node_modules/mkdirp": {
			"version": "1.0.4",
			"resolved": "https://registry.npmjs.org/mkdirp/-/mkdirp-1.0.4.tgz",
			"integrity": "sha512-vVqVZQyf3WLx2Shd0qJ9xuvqgAyKPLAiqITEtqW0oIUjzo3PePDd6fW9iFz30ef7Ysp/oiWqbhszeGWW2T6Gzw==",
			"dev": true,
			"bin": {
				"mkdirp": "bin/cmd.js"
			},
			"engines": {
				"node": ">=10"
			}
		},
		"node_modules/noms": {
			"version": "0.0.0",
			"resolved": "https://registry.npmjs.org/noms/-/noms-0.0.0.tgz",
			"integrity": "sha512-lNDU9VJaOPxUmXcLb+HQFeUgQQPtMI24Gt6hgfuMHRJgMRHMF/qZ4HJD3GDru4sSw9IQl2jPjAYnQrdIeLbwow==",
			"dev": true,
			"dependencies": {
				"inherits": "^2.0.1",
				"readable-stream": "~1.0.31"
			}
		},
		"node_modules/once": {
			"version": "1.4.0",
			"resolved": "https://registry.npmjs.org/once/-/once-1.4.0.tgz",
			"integrity": "sha512-lNaJgI+2Q5URQBkccEKHTQOPaXdUxnZZElQTZY0MFUAuaEqe1E+Nyvgdz/aIyNi6Z9MzO5dv1H8n58/GELp3+w==",
			"dev": true,
			"dependencies": {
				"wrappy": "1"
			}
		},
		"node_modules/path-is-absolute": {
			"version": "1.0.1",
			"resolved": "https://registry.npmjs.org/path-is-absolute/-/path-is-absolute-1.0.1.tgz",
			"integrity": "sha512-AVbw3UJ2e9bq64vSaS9Am0fje1Pa8pbGqTTsmXfaIiMpnr5DlDhfJOuLj9Sf95ZPVDAUerDfEk88MPmPe7UCQg==",
			"dev": true,
			"engines": {
				"node": ">=0.10.0"
			}
		},
		"node_modules/process-nextick-args": {
			"version": "2.0.1",
			"resolved": "https://registry.npmjs.org/process-nextick-args/-/process-nextick-args-2.0.1.tgz",
			"integrity": "sha512-3ouUOpQhtgrbOa17J7+uxOTpITYWaGP7/AhoR3+A+/1e9skrzelGi/dXzEYyvbxubEF6Wn2ypscTKiKJFFn1ag==",
			"dev": true
		},
		"node_modules/readable-stream": {
			"version": "1.0.34",
			"resolved": "https://registry.npmjs.org/readable-stream/-/readable-stream-1.0.34.tgz",
			"integrity": "sha512-ok1qVCJuRkNmvebYikljxJA/UEsKwLl2nI1OmaqAu4/UE+h0wKCHok4XkL/gvi39OacXvw59RJUOFUkDib2rHg==",
			"dev": true,
			"dependencies": {
				"core-util-is": "~1.0.0",
				"inherits": "~2.0.1",
				"isarray": "0.0.1",
				"string_decoder": "~0.10.x"
			}
		},
		"node_modules/require-directory": {
			"version": "2.1.1",
			"resolved": "https://registry.npmjs.org/require-directory/-/require-directory-2.1.1.tgz",
			"integrity": "sha512-fGxEI7+wsG9xrvdjsrlmL22OMTTiHRwAMroiEeMgq8gzoLC/PQr7RsRDSTLUg/bZAZtF+TVIkHc6/4RIKrui+Q==",
			"dev": true,
			"engines": {
				"node": ">=0.10.0"
			}
		},
		"node_modules/safe-buffer": {
			"version": "5.1.2",
			"resolved": "https://registry.npmjs.org/safe-buffer/-/safe-buffer-5.1.2.tgz",
			"integrity": "sha512-Gd2UZBJDkXlY7GbJxfsE8/nvKkUEU1G38c1siN6QP6a9PT9MmHB8GnpscSmMJSoF8LOIrt8ud/wPtojys4G6+g==",
			"dev": true
		},
		"node_modules/string_decoder": {
			"version": "0.10.31",
			"resolved": "https://registry.npmjs.org/string_decoder/-/string_decoder-0.10.31.tgz",
			"integrity": "sha512-ev2QzSzWPYmy9GuqfIVildA4OdcGLeFZQrq5ys6RtiuF+RQQiZWr8TZNyAcuVXyQRYfEO+MsoB/1BuQVhOJuoQ==",
			"dev": true
		},
		"node_modules/string-width": {
			"version": "4.2.3",
			"resolved": "https://registry.npmjs.org/string-width/-/string-width-4.2.3.tgz",
			"integrity": "sha512-wKyQRQpjJ0sIp62ErSZdGsjMJWsap5oRNihHhu6G7JVO/9jIB6UyevL+tXuOqrng8j/cxKTWyWUwvSTriiZz/g==",
			"dev": true,
			"dependencies": {
				"emoji-regex": "^8.0.0",
				"is-fullwidth-code-point": "^3.0.0",
				"strip-ansi": "^6.0.1"
			},
			"engines": {
				"node": ">=8"
			}
		},
		"node_modules/strip-ansi": {
			"version": "6.0.1",
			"resolved": "https://registry.npmjs.org/strip-ansi/-/strip-ansi-6.0.1.tgz",
			"integrity": "sha512-Y38VPSHcqkFrCpFnQ9vuSXmquuv5oXOKpGeT6aGrr3o3Gc9AlVa6JBfUSOCnbxGGZF+/0ooI7KrPuUSztUdU5A==",
			"dev": true,
			"dependencies": {
				"ansi-regex": "^5.0.1"
			},
			"engines": {
				"node": ">=8"
			}
		},
		"node_modules/through2": {
			"version": "2.0.5",
			"resolved": "https://registry.npmjs.org/through2/-/through2-2.0.5.tgz",
			"integrity": "sha512-/mrRod8xqpA+IHSLyGCQ2s8SPHiCDEeQJSep1jqLYeEUClOFG2Qsh+4FU6G9VeqpZnGW/Su8LQGc4YKni5rYSQ==",
			"dev": true,
			"dependencies": {
				"readable-stream": "~2.3.6",
				"xtend": "~4.0.1"
			}
		},
		"node_modules/through2/node_modules/isarray": {
			"version": "1.0.0",
			"resolved": "https://registry.npmjs.org/isarray/-/isarray-1.0.0.tgz",
			"integrity": "sha512-VLghIWNM6ELQzo7zwmcg0NmTVyWKYjvIeM83yjp0wRDTmUnrM678fQbcKBo6n2CJEF0szoG//ytg+TKla89ALQ==",
			"dev": true
		},
		"node_modules/through2/node_modules/readable-stream": {
			"version": "2.3.8",
			"resolved": "https://registry.npmjs.org/readable-stream/-/readable-stream-2.3.8.tgz",
			"integrity": "sha512-8p0AUk4XODgIewSi0l8Epjs+EVnWiK7NoDIEGU0HhE7+ZyY8D1IMY7odu5lRrFXGg71L15KG8QrPmum45RTtdA==",
			"dev": true,
			"dependencies": {
				"core-util-is": "~1.0.0",
				"inherits": "~2.0.3",
				"isarray": "~1.0.0",
				"process-nextick-args": "~2.0.0",
				"safe-buffer": "~5.1.1",
				"string_decoder": "~1.1.1",
				"util-deprecate": "~1.0.1"
			}
		},
		"node_modules/through2/node_modules/string_decoder": {
			"version": "1.1.1",
			"resolved": "https://registry.npmjs.org/string_decoder/-/string_decoder-1.1.1.tgz",
			"integrity": "sha512-n/ShnvDi6FHbbVfviro+WojiFzv+s8MPMHBczVePfUpDJLwoLT0ht1l4YwBCbi8pJAveEEdnkHyPyTP/mzRfwg==",
			"dev": true,
			"dependencies": {
				"safe-buffer": "~5.1.0"
			}
		},
		"node_modules/untildify": {
			"version": "4.0.0",
			"resolved": "https://registry.npmjs.org/untildify/-/untildify-4.0.0.tgz",
			"integrity": "sha512-KK8xQ1mkzZeg9inewmFVDNkg3l5LUhoq9kN6iWYB/CC9YMG8HA+c1Q8HwDe6dEX7kErrEVNVBO3fWsVq5iDgtw==",
			"dev": true,
			"engines": {
				"node": ">=8"
			}
		},
		"node_modules/util-deprecate": {
			"version": "1.0.2",
			"resolved": "https://registry.npmjs.org/util-deprecate/-/util-deprecate-1.0.2.tgz",
			"integrity": "sha512-EPD5q1uXyFxJpCrLnCc1nHnq3gOa6DZBocAIiI2TaSCA7VCJ1UJDMagCzIkXNsUYfD1daK//LTEQ8xiIbrHtcw==",
			"dev": true
		},
		"node_modules/wrap-ansi": {
			"version": "7.0.0",
			"resolved": "https://registry.npmjs.org/wrap-ansi/-/wrap-ansi-7.0.0.tgz",
			"integrity": "sha512-YVGIj2kamLSTxw6NsZjoBxfSwsn0ycdesmc4p+Q21c5zPuZ1pl+NfxVdxPtdHvmNVOQ6XSYG4AUtyt/Fi7D16Q==",
			"dev": true,
			"dependencies": {
				"ansi-styles": "^4.0.0",
				"string-width": "^4.1.0",
				"strip-ansi": "^6.0.0"
			},
			"engines": {
				"node": ">=10"
			},
			"funding": {
				"url": "https://github.com/chalk/wrap-ansi?sponsor=1"
			}
		},
		"node_modules/wrappy": {
			"version": "1.0.2",
			"resolved": "https://registry.npmjs.org/wrappy/-/wrappy-1.0.2.tgz",
			"integrity": "sha512-l4Sp/DRseor9wL6EvV2+TuQn63dMkPjZ/sp9XkghTEbV9KlPS1xUsZ3u7/IQO4wxtcFB4bgpQPRcR3QCvezPcQ==",
			"dev": true
		},
		"node_modules/xtend": {
			"version": "4.0.2",
			"resolved": "https://registry.npmjs.org/xtend/-/xtend-4.0.2.tgz",
			"integrity": "sha512-LKYU1iAXJXUgAXn9URjiu+MWhyUXHsvfp7mcuYm9dSUKK0/CjtrUwFAxD82/mCWbtLsGjFIad0wIsod4zrTAEQ==",
			"dev": true,
			"engines": {
				"node": ">=0.4"
			}
		},
		"node_modules/y18n": {
			"version": "5.0.8",
			"resolved": "https://registry.npmjs.org/y18n/-/y18n-5.0.8.tgz",
			"integrity": "sha512-0pfFzegeDWJHJIAmTLRP2DwHjdF5s7jo9tuztdQxAhINCdvS+3nGINqPd00AphqJR/0LhANUS6/+7SCb98YOfA==",
			"dev": true,
			"engines": {
				"node": ">=10"
			}
		},
		"node_modules/yargs": {
			"version": "16.2.0",
			"resolved": "https://registry.npmjs.org/yargs/-/yargs-16.2.0.tgz",
			"integrity": "sha512-D1mvvtDG0L5ft/jGWkLpG1+m0eQxOfaBvTNELraWj22wSVUMWxZUvYgJYcKh6jGGIkJFhH4IZPQhR4TKpc8mBw==",
			"dev": true,
			"dependencies": {
				"cliui": "^7.0.2",
				"escalade": "^3.1.1",
				"get-caller-file": "^2.0.5",
				"require-directory": "^2.1.1",
				"string-width": "^4.2.0",
				"y18n": "^5.0.5",
				"yargs-parser": "^20.2.2"
			},
			"engines": {
				"node": ">=10"
			}
		},
		"node_modules/yargs-parser": {
			"version": "20.2.9",
			"resolved": "https://registry.npmjs.org/yargs-parser/-/yargs-parser-20.2.9.tgz",
			"integrity": "sha512-y11nGElTIV+CT3Zv9t7VKl+Q3hTQoT9a1Qzezhhl6Rp21gJ/IVTW7Z3y9EWXhuUBC2Shnf+DX0antecpAwSP8w==",
			"dev": true,
			"engines": {
				"node": ">=10"
			}
		}
	}
}
